
Microsoft Visual Studio Solution File, Format Version 12.00
# Visual Studio Version 17
VisualStudioVersion = 17.6.33829.357
MinimumVisualStudioVersion = 10.0.40219.1
Project("{FAE04EC0-301F-11D3-BF4B-00C04F79EFBC}") = "Bluetooth Battery Monitor", "Bluetooth Battery Monitor.csproj", "{D14E1ED6-C329-45BA-87F5-29A45281FCBB}"
EndProject
Global
	GlobalSection(SolutionConfigurationPlatforms) = preSolution
		Debug|Any CPU = Debug|Any CPU
		Release|Any CPU = Release|Any CPU
	EndGlobalSection
	GlobalSection(ProjectConfigurationPlatforms) = postSolution
		{D14E1ED6-C329-45BA-87F5-29A45281FCBB}.Debug|Any CPU.ActiveCfg = Debug|Any CPU
		{D14E1ED6-C329-45BA-87F5-29A45281FCBB}.Debug|Any CPU.Build.0 = Debug|Any CPU
		{D14E1ED6-C329-45BA-87F5-29A45281FCBB}.Release|Any CPU.ActiveCfg = Release|Any CPU
		{D14E1ED6-C329-45BA-87F5-29A45281FCBB}.Release|Any CPU.Build.0 = Release|Any CPU
	EndGlobalSection
	GlobalSection(SolutionProperties) = preSolution
		HideSolutionNode = FALSE
	EndGlobalSection
	GlobalSection(ExtensibilityGlobals) = postSolution
		SolutionGuid = {18AB773A-2CCD-42D1-99BA-B82B9E69324D}
	EndGlobalSection
EndGlobal
